
Microsoft Visual Studio Solution File, Format Version 12.00
# Visual Studio Version 17
VisualStudioVersion = 17.8.34330.188
MinimumVisualStudioVersion = 10.0.40219.1
Project("{9A19103F-16F7-4668-BE54-9A1E7A4F7556}") = "CapstoneProject", "CapstoneProject\CapstoneProject.csproj", "{7173ED38-6188-4DCC-9E8B-CABD84AE1D8F}"
EndProject
Project("{FAE04EC0-301F-11D3-BF4B-00C04F79EFBC}") = "Capstone.DataAccess", "Capstone.DataAccess\Capstone.DataAccess.csproj", "{F4C97066-BECA-4B57-A9F7-ACF9DF99391E}"
EndProject
Project("{FAE04EC0-301F-11D3-BF4B-00C04F79EFBC}") = "Capstone.Models", "Capstone.Models\Capstone.Models.csproj", "{5FF00817-D460-4112-9D46-F4C3BB7F1A12}"
EndProject
Project("{FAE04EC0-301F-11D3-BF4B-00C04F79EFBC}") = "Capstone.Utility", "Capstone.Utility\Capstone.Utility.csproj", "{4C33017A-DC0D-4AC6-BE2C-7AEB6194CD87}"
EndProject
Global
	GlobalSection(SolutionConfigurationPlatforms) = preSolution
		Debug|Any CPU = Debug|Any CPU
		Release|Any CPU = Release|Any CPU
	EndGlobalSection
	GlobalSection(ProjectConfigurationPlatforms) = postSolution
		{7173ED38-6188-4DCC-9E8B-CABD84AE1D8F}.Debug|Any CPU.ActiveCfg = Debug|Any CPU
		{7173ED38-6188-4DCC-9E8B-CABD84AE1D8F}.Debug|Any CPU.Build.0 = Debug|Any CPU
		{7173ED38-6188-4DCC-9E8B-CABD84AE1D8F}.Release|Any CPU.ActiveCfg = Release|Any CPU
		{7173ED38-6188-4DCC-9E8B-CABD84AE1D8F}.Release|Any CPU.Build.0 = Release|Any CPU
		{F4C97066-BECA-4B57-A9F7-ACF9DF99391E}.Debug|Any CPU.ActiveCfg = Debug|Any CPU
		{F4C97066-BECA-4B57-A9F7-ACF9DF99391E}.Debug|Any CPU.Build.0 = Debug|Any CPU
		{F4C97066-BECA-4B57-A9F7-ACF9DF99391E}.Release|Any CPU.ActiveCfg = Release|Any CPU
		{F4C97066-BECA-4B57-A9F7-ACF9DF99391E}.Release|Any CPU.Build.0 = Release|Any CPU
		{5FF00817-D460-4112-9D46-F4C3BB7F1A12}.Debug|Any CPU.ActiveCfg = Debug|Any CPU
		{5FF00817-D460-4112-9D46-F4C3BB7F1A12}.Debug|Any CPU.Build.0 = Debug|Any CPU
		{5FF00817-D460-4112-9D46-F4C3BB7F1A12}.Release|Any CPU.ActiveCfg = Release|Any CPU
		{5FF00817-D460-4112-9D46-F4C3BB7F1A12}.Release|Any CPU.Build.0 = Release|Any CPU
		{4C33017A-DC0D-4AC6-BE2C-7AEB6194CD87}.Debug|Any CPU.ActiveCfg = Debug|Any CPU
		{4C33017A-DC0D-4AC6-BE2C-7AEB6194CD87}.Debug|Any CPU.Build.0 = Debug|Any CPU
		{4C33017A-DC0D-4AC6-BE2C-7AEB6194CD87}.Release|Any CPU.ActiveCfg = Release|Any CPU
		{4C33017A-DC0D-4AC6-BE2C-7AEB6194CD87}.Release|Any CPU.Build.0 = Release|Any CPU
	EndGlobalSection
	GlobalSection(SolutionProperties) = preSolution
		HideSolutionNode = FALSE
	EndGlobalSection
	GlobalSection(ExtensibilityGlobals) = postSolution
		SolutionGuid = {34EF18B5-404C-47B9-8362-FA97CB664C1E}
	EndGlobalSection
EndGlobal
